
Microsoft Visual Studio Solution File, Format Version 12.00
# Visual Studio 15
VisualStudioVersion = 15.0.27703.2035
MinimumVisualStudioVersion = 10.0.40219.1
Project("{888888A0-9F3D-457C-B088-3A5042F75D52}") = "integracao", "PythonApplication3\integracao.pyproj", "{ED353A8B-B671-4AE5-8A8D-7DFB97488105}"
EndProject
Global
	GlobalSection(SolutionConfigurationPlatforms) = preSolution
		Debug|Any CPU = Debug|Any CPU
		Release|Any CPU = Release|Any CPU
	EndGlobalSection
	GlobalSection(ProjectConfigurationPlatforms) = postSolution
		{ED353A8B-B671-4AE5-8A8D-7DFB97488105}.Debug|Any CPU.ActiveCfg = Debug|Any CPU
		{ED353A8B-B671-4AE5-8A8D-7DFB97488105}.Release|Any CPU.ActiveCfg = Release|Any CPU
	EndGlobalSection
	GlobalSection(SolutionProperties) = preSolution
		HideSolutionNode = FALSE
	EndGlobalSection
	GlobalSection(ExtensibilityGlobals) = postSolution
		SolutionGuid = {127D0F83-3B02-443E-95B5-9132163AE3B0}
	EndGlobalSection
EndGlobal
